// !$*UTF8*$!
{
	archiveVersion = 1;
	classes = {
	};
	objectVersion = 56;
	objects = {

/* Begin PBXBuildFile section */
		16A08EB52BED515A00CE7C9A /* MemorizeHWApp.swift in Sources */ = {isa = PBXBuildFile; fileRef = 16A08EB42BED515A00CE7C9A /* MemorizeHWApp.swift */; };
		16A08EB72BED515A00CE7C9A /* ContentView.swift in Sources */ = {isa = PBXBuildFile; fileRef = 16A08EB62BED515A00CE7C9A /* ContentView.swift */; };
		16A08EB92BED515C00CE7C9A /* Assets.xcassets in Resources */ = {isa = PBXBuildFile; fileRef = 16A08EB82BED515C00CE7C9A /* Assets.xcassets */; };
		16A08EBC2BED515C00CE7C9A /* Preview Assets.xcassets in Resources */ = {isa = PBXBuildFile; fileRef = 16A08EBB2BED515C00CE7C9A /* Preview Assets.xcassets */; };
		16D8D9CC2C1F5C48001D1FE6 /* MemoryGame.swift in Sources */ = {isa = PBXBuildFile; fileRef = 16D8D9CB2C1F5C48001D1FE6 /* MemoryGame.swift */; };
		16D8D9CE2C1F5F9C001D1FE6 /* ViewModel.swift in Sources */ = {isa = PBXBuildFile; fileRef = 16D8D9CD2C1F5F9C001D1FE6 /* ViewModel.swift */; };
		95B2A61B2C2EFAFE00762ABC /* CardView.swift in Sources */ = {isa = PBXBuildFile; fileRef = 95B2A6162C2EFAFE00762ABC /* CardView.swift */; };
		95B2A61C2C2EFAFE00762ABC /* Preview Assets.xcassets in Resources */ = {isa = PBXBuildFile; fileRef = 95B2A6172C2EFAFE00762ABC /* Preview Assets.xcassets */; };
/* End PBXBuildFile section */

/* Begin PBXFileReference section */
		16A08EB12BED515A00CE7C9A /* MemorizeHW.app */ = {isa = PBXFileReference; explicitFileType = wrapper.application; includeInIndex = 0; path = MemorizeHW.app; sourceTree = BUILT_PRODUCTS_DIR; };
		16A08EB42BED515A00CE7C9A /* MemorizeHWApp.swift */ = {isa = PBXFileReference; lastKnownFileType = sourcecode.swift; path = MemorizeHWApp.swift; sourceTree = "<group>"; };
		16A08EB62BED515A00CE7C9A /* ContentView.swift */ = {isa = PBXFileReference; lastKnownFileType = sourcecode.swift; path = ContentView.swift; sourceTree = "<group>"; };
		16A08EB82BED515C00CE7C9A /* Assets.xcassets */ = {isa = PBXFileReference; lastKnownFileType = folder.assetcatalog; path = Assets.xcassets; sourceTree = "<group>"; };
		16A08EBB2BED515C00CE7C9A /* Preview Assets.xcassets */ = {isa = PBXFileReference; lastKnownFileType = folder.assetcatalog; path = "Preview Assets.xcassets"; sourceTree = "<group>"; };
		16D8D9CB2C1F5C48001D1FE6 /* MemoryGame.swift */ = {isa = PBXFileReference; lastKnownFileType = sourcecode.swift; path = MemoryGame.swift; sourceTree = "<group>"; };
		16D8D9CD2C1F5F9C001D1FE6 /* ViewModel.swift */ = {isa = PBXFileReference; lastKnownFileType = sourcecode.swift; path = ViewModel.swift; sourceTree = "<group>"; };
		95B2A6162C2EFAFE00762ABC /* CardView.swift */ = {isa = PBXFileReference; fileEncoding = 4; lastKnownFileType = sourcecode.swift; path = CardView.swift; sourceTree = "<group>"; };
		95B2A6172C2EFAFE00762ABC /* Preview Assets.xcassets */ = {isa = PBXFileReference; lastKnownFileType = folder.assetcatalog; path = "Preview Assets.xcassets"; sourceTree = "<group>"; };
/* End PBXFileReference section */

/* Begin PBXFrameworksBuildPhase section */
		16A08EAE2BED515A00CE7C9A /* Frameworks */ = {
			isa = PBXFrameworksBuildPhase;
			buildActionMask = 2147483647;
			files = (
			);
			runOnlyForDeploymentPostprocessing = 0;
		};
/* End PBXFrameworksBuildPhase section */

/* Begin PBXGroup section */
		16A08EA82BED515A00CE7C9A = {
			isa = PBXGroup;
			children = (
				16A08EB32BED515A00CE7C9A /* MemorizeHW */,
				16A08EB22BED515A00CE7C9A /* Products */,
			);
			sourceTree = "<group>";
		};
		16A08EB22BED515A00CE7C9A /* Products */ = {
			isa = PBXGroup;
			children = (
				16A08EB12BED515A00CE7C9A /* MemorizeHW.app */,
			);
			name = Products;
			sourceTree = "<group>";
		};
		16A08EB32BED515A00CE7C9A /* MemorizeHW */ = {
			isa = PBXGroup;
			children = (
				95B2A6162C2EFAFE00762ABC /* CardView.swift */,
				16D8D9CB2C1F5C48001D1FE6 /* MemoryGame.swift */,
				16A08EB42BED515A00CE7C9A /* MemorizeHWApp.swift */,
				16A08EB62BED515A00CE7C9A /* ContentView.swift */,
				16D8D9CD2C1F5F9C001D1FE6 /* ViewModel.swift */,
				95B2A6182C2EFAFE00762ABC /* Preview Content */,
				16A08EB82BED515C00CE7C9A /* Assets.xcassets */,
				16A08EBA2BED515C00CE7C9A /* Preview Content */,
			);
			path = MemorizeHW;
			sourceTree = "<group>";
		};
		16A08EBA2BED515C00CE7C9A /* Preview Content */ = {
			isa = PBXGroup;
			children = (
				16A08EBB2BED515C00CE7C9A /* Preview Assets.xcassets */,
			);
			path = "Preview Content";
			sourceTree = "<group>";
		};
		95B2A6182C2EFAFE00762ABC /* Preview Content */ = {
			isa = PBXGroup;
			children = (
				95B2A6172C2EFAFE00762ABC /* Preview Assets.xcassets */,
			);
			path = "Preview Content";
			sourceTree = "<group>";
		};
/* End PBXGroup section */

/* Begin PBXNativeTarget section */
		16A08EB02BED515A00CE7C9A /* MemorizeHW */ = {
			isa = PBXNativeTarget;
			buildConfigurationList = 16A08EBF2BED515C00CE7C9A /* Build configuration list for PBXNativeTarget "MemorizeHW" */;
			buildPhases = (
				16A08EAD2BED515A00CE7C9A /* Sources */,
				16A08EAE2BED515A00CE7C9A /* Frameworks */,
				16A08EAF2BED515A00CE7C9A /* Resources */,
			);
			buildRules = (
			);
			dependencies = (
			);
			name = MemorizeHW;
			productName = MemorizeHW;
			productReference = 16A08EB12BED515A00CE7C9A /* MemorizeHW.app */;
			productType = "com.apple.product-type.application";
		};
/* End PBXNativeTarget section */

/* Begin PBXProject section */
		16A08EA92BED515A00CE7C9A /* Project object */ = {
			isa = PBXProject;
			attributes = {
				BuildIndependentTargetsInParallel = 1;
				LastSwiftUpdateCheck = 1530;
				LastUpgradeCheck = 1530;
				TargetAttributes = {
					16A08EB02BED515A00CE7C9A = {
						CreatedOnToolsVersion = 15.3;
					};
				};
			};
			buildConfigurationList = 16A08EAC2BED515A00CE7C9A /* Build configuration list for PBXProject "MemorizeHW" */;
			compatibilityVersion = "Xcode 14.0";
			developmentRegion = en;
			hasScannedForEncodings = 0;
			knownRegions = (
				en,
				Base,
			);
			mainGroup = 16A08EA82BED515A00CE7C9A;
			productRefGroup = 16A08EB22BED515A00CE7C9A /* Products */;
			projectDirPath = "";
			projectRoot = "";
			targets = (
				16A08EB02BED515A00CE7C9A /* MemorizeHW */,
			);
		};
/* End PBXProject section */

/* Begin PBXResourcesBuildPhase section */
		16A08EAF2BED515A00CE7C9A /* Resources */ = {
			isa = PBXResourcesBuildPhase;
			buildActionMask = 2147483647;
			files = (
				16A08EBC2BED515C00CE7C9A /* Preview Assets.xcassets in Resources */,
				95B2A61C2C2EFAFE00762ABC /* Preview Assets.xcassets in Resources */,
				16A08EB92BED515C00CE7C9A /* Assets.xcassets in Resources */,
			);
			runOnlyForDeploymentPostprocessing = 0;
		};
/* End PBXResourcesBuildPhase section */

/* Begin PBXSourcesBuildPhase section */
		16A08EAD2BED515A00CE7C9A /* Sources */ = {
			isa = PBXSourcesBuildPhase;
			buildActionMask = 2147483647;
			files = (
				16D8D9CC2C1F5C48001D1FE6 /* MemoryGame.swift in Sources */,
				16D8D9CE2C1F5F9C001D1FE6 /* ViewModel.swift in Sources */,
				16A08EB72BED515A00CE7C9A /* ContentView.swift in Sources */,
				16A08EB52BED515A00CE7C9A /* MemorizeHWApp.swift in Sources */,
				95B2A61B2C2EFAFE00762ABC /* CardView.swift in Sources */,
			);
			runOnlyForDeploymentPostprocessing = 0;
		};
/* End PBXSourcesBuildPhase section */

/* Begin XCBuildConfiguration section */
		16A08EBD2BED515C00CE7C9A /* Debug */ = {
			isa = XCBuildConfiguration;
			buildSettings = {
				ALWAYS_SEARCH_USER_PATHS = NO;
				ASSETCATALOG_COMPILER_GENERATE_SWIFT_ASSET_SYMBOL_EXTENSIONS = YES;
				CLANG_ANALYZER_NONNULL = YES;
				CLANG_ANALYZER_NUMBER_OBJECT_CONVERSION = YES_AGGRESSIVE;
				CLANG_CXX_LANGUAGE_STANDARD = "gnu++20";
				CLANG_ENABLE_MODULES = YES;
				CLANG_ENABLE_OBJC_ARC = YES;
				CLANG_ENABLE_OBJC_WEAK = YES;
				CLANG_WARN_BLOCK_CAPTURE_AUTORELEASING = YES;
				CLANG_WARN_BOOL_CONVERSION = YES;
				CLANG_WARN_COMMA = YES;
				CLANG_WARN_CONSTANT_CONVERSION = YES;
				CLANG_WARN_DEPRECATED_OBJC_IMPLEMENTATIONS = YES;
				CLANG_WARN_DIRECT_OBJC_ISA_USAGE = YES_ERROR;
				CLANG_WARN_DOCUMENTATION_COMMENTS = YES;
				CLANG_WARN_EMPTY_BODY = YES;
				CLANG_WARN_ENUM_CONVERSION = YES;
				CLANG_WARN_INFINITE_RECURSION = YES;
				CLANG_WARN_INT_CONVERSION = YES;
				CLANG_WARN_NON_LITERAL_NULL_CONVERSION = YES;
				CLANG_WARN_OBJC_IMPLICIT_RETAIN_SELF = YES;
				CLANG_WARN_OBJC_LITERAL_CONVERSION = YES;
				CLANG_WARN_OBJC_ROOT_CLASS = YES_ERROR;
				CLANG_WARN_QUOTED_INCLUDE_IN_FRAMEWORK_HEADER = YES;
				CLANG_WARN_RANGE_LOOP_ANALYSIS = YES;
				CLANG_WARN_STRICT_PROTOTYPES = YES;
				CLANG_WARN_SUSPICIOUS_MOVE = YES;
				CLANG_WARN_UNGUARDED_AVAILABILITY = YES_AGGRESSIVE;
				CLANG_WARN_UNREACHABLE_CODE = YES;
				CLANG_WARN__DUPLICATE_METHOD_MATCH = YES;
				COPY_PHASE_STRIP = NO;
				DEBUG_INFORMATION_FORMAT = dwarf;
				ENABLE_STRICT_OBJC_MSGSEND = YES;
				ENABLE_TESTABILITY = YES;
				ENABLE_USER_SCRIPT_SANDBOXING = YES;
				GCC_C_LANGUAGE_STANDARD = gnu17;
				GCC_DYNAMIC_NO_PIC = NO;
				GCC_NO_COMMON_BLOCKS = YES;
				GCC_OPTIMIZATION_LEVEL = 0;
				GCC_PREPROCESSOR_DEFINITIONS = (
					"DEBUG=1",
					"$(inherited)",
				);
				GCC_WARN_64_TO_32_BIT_CONVERSION = YES;
				GCC_WARN_ABOUT_RETURN_TYPE = YES_ERROR;
				GCC_WARN_UNDECLARED_SELECTOR = YES;
				GCC_WARN_UNINITIALIZED_AUTOS = YES_AGGRESSIVE;
				GCC_WARN_UNUSED_FUNCTION = YES;
				GCC_WARN_UNUSED_VARIABLE = YES;
				IPHONEOS_DEPLOYMENT_TARGET = 17.4;
				LOCALIZATION_PREFERS_STRING_CATALOGS = YES;
				MTL_ENABLE_DEBUG_INFO = INCLUDE_SOURCE;
				MTL_FAST_MATH = YES;
				ONLY_ACTIVE_ARCH = YES;
				SDKROOT = iphoneos;
				SWIFT_ACTIVE_COMPILATION_CONDITIONS = "DEBUG $(inherited)";
				SWIFT_OPTIMIZATION_LEVEL = "-Onone";
			};
			name = Debug;
		};
		16A08EBE2BED515C00CE7C9A /* Release */ = {
			isa = XCBuildConfiguration;
			buildSettings = {
				ALWAYS_SEARCH_USER_PATHS = NO;
				ASSETCATALOG_COMPILER_GENERATE_SWIFT_ASSET_SYMBOL_EXTENSIONS = YES;
				CLANG_ANALYZER_NONNULL = YES;
				CLANG_ANALYZER_NUMBER_OBJECT_CONVERSION = YES_AGGRESSIVE;
				CLANG_CXX_LANGUAGE_STANDARD = "gnu++20";
				CLANG_ENABLE_MODULES = YES;
				CLANG_ENABLE_OBJC_ARC = YES;
				CLANG_ENABLE_OBJC_WEAK = YES;
				CLANG_WARN_BLOCK_CAPTURE_AUTORELEASING = YES;
				CLANG_WARN_BOOL_CONVERSION = YES;
				CLANG_WARN_COMMA = YES;
				CLANG_WARN_CONSTANT_CONVERSION = YES;
				CLANG_WARN_DEPRECATED_OBJC_IMPLEMENTATIONS = YES;
				CLANG_WARN_DIRECT_OBJC_ISA_USAGE = YES_ERROR;
				CLANG_WARN_DOCUMENTATION_COMMENTS = YES;
				CLANG_WARN_EMPTY_BODY = YES;
				CLANG_WARN_ENUM_CONVERSION = YES;
				CLANG_WARN_INFINITE_RECURSION = YES;
				CLANG_WARN_INT_CONVERSION = YES;
				CLANG_WARN_NON_LITERAL_NULL_CONVERSION = YES;
				CLANG_WARN_OBJC_IMPLICIT_RETAIN_SELF = YES;
				CLANG_WARN_OBJC_LITERAL_CONVERSION = YES;
				CLANG_WARN_OBJC_ROOT_CLASS = YES_ERROR;
				CLANG_WARN_QUOTED_INCLUDE_IN_FRAMEWORK_HEADER = YES;
				CLANG_WARN_RANGE_LOOP_ANALYSIS = YES;
				CLANG_WARN_STRICT_PROTOTYPES = YES;
				CLANG_WARN_SUSPICIOUS_MOVE = YES;
				CLANG_WARN_UNGUARDED_AVAILABILITY = YES_AGGRESSIVE;
				CLANG_WARN_UNREACHABLE_CODE = YES;
				CLANG_WARN__DUPLICATE_METHOD_MATCH = YES;
				COPY_PHASE_STRIP = NO;
				DEBUG_INFORMATION_FORMAT = "dwarf-with-dsym";
				ENABLE_NS_ASSERTIONS = NO;
				ENABLE_STRICT_OBJC_MSGSEND = YES;
				ENABLE_USER_SCRIPT_SANDBOXING = YES;
				GCC_C_LANGUAGE_STANDARD = gnu17;
				GCC_NO_COMMON_BLOCKS = YES;
				GCC_WARN_64_TO_32_BIT_CONVERSION = YES;
				GCC_WARN_ABOUT_RETURN_TYPE = YES_ERROR;
				GCC_WARN_UNDECLARED_SELECTOR = YES;
				GCC_WARN_UNINITIALIZED_AUTOS = YES_AGGRESSIVE;
				GCC_WARN_UNUSED_FUNCTION = YES;
				GCC_WARN_UNUSED_VARIABLE = YES;
				IPHONEOS_DEPLOYMENT_TARGET = 17.4;
				LOCALIZATION_PREFERS_STRING_CATALOGS = YES;
				MTL_ENABLE_DEBUG_INFO = NO;
				MTL_FAST_MATH = YES;
				SDKROOT = iphoneos;
				SWIFT_COMPILATION_MODE = wholemodule;
				VALIDATE_PRODUCT = YES;
			};
			name = Release;
		};
		16A08EC02BED515C00CE7C9A /* Debug */ = {
			isa = XCBuildConfiguration;
			buildSettings = {
				ASSETCATALOG_COMPILER_APPICON_NAME = AppIcon;
				ASSETCATALOG_COMPILER_GLOBAL_ACCENT_COLOR_NAME = AccentColor;
				CODE_SIGN_STYLE = Automatic;
				CURRENT_PROJECT_VERSION = 1;
				DEVELOPMENT_ASSET_PATHS = "\"MemorizeHW/Preview Content\"";
				ENABLE_PREVIEWS = YES;
				GENERATE_INFOPLIST_FILE = YES;
				INFOPLIST_KEY_UIApplicationSceneManifest_Generation = YES;
				INFOPLIST_KEY_UIApplicationSupportsIndirectInputEvents = YES;
				INFOPLIST_KEY_UILaunchScreen_Generation = YES;
				INFOPLIST_KEY_UISupportedInterfaceOrientations_iPad = "UIInterfaceOrientationPortrait UIInterfaceOrientationPortraitUpsideDown UIInterfaceOrientationLandscapeLeft UIInterfaceOrientationLandscapeRight";
				INFOPLIST_KEY_UISupportedInterfaceOrientations_iPhone = "UIInterfaceOrientationPortrait UIInterfaceOrientationLandscapeLeft UIInterfaceOrientationLandscapeRight";
				LD_RUNPATH_SEARCH_PATHS = (
					"$(inherited)",
					"@executable_path/Frameworks",
				);
				MARKETING_VERSION = 1.0;
				PRODUCT_BUNDLE_IDENTIFIER = DenisNktn.MemorizeHW;
				PRODUCT_NAME = "$(TARGET_NAME)";
				SWIFT_EMIT_LOC_STRINGS = YES;
				SWIFT_VERSION = 5.0;
				TARGETED_DEVICE_FAMILY = "1,2";
			};
			name = Debug;
		};
		16A08EC12BED515C00CE7C9A /* Release */ = {
			isa = XCBuildConfiguration;
			buildSettings = {
				ASSETCATALOG_COMPILER_APPICON_NAME = AppIcon;
				ASSETCATALOG_COMPILER_GLOBAL_ACCENT_COLOR_NAME = AccentColor;
				CODE_SIGN_STYLE = Automatic;
				CURRENT_PROJECT_VERSION = 1;
				DEVELOPMENT_ASSET_PATHS = "\"MemorizeHW/Preview Content\"";
				ENABLE_PREVIEWS = YES;
				GENERATE_INFOPLIST_FILE = YES;
				INFOPLIST_KEY_UIApplicationSceneManifest_Generation = YES;
				INFOPLIST_KEY_UIApplicationSupportsIndirectInputEvents = YES;
				INFOPLIST_KEY_UILaunchScreen_Generation = YES;
				INFOPLIST_KEY_UISupportedInterfaceOrientations_iPad = "UIInterfaceOrientationPortrait UIInterfaceOrientationPortraitUpsideDown UIInterfaceOrientationLandscapeLeft UIInterfaceOrientationLandscapeRight";
				INFOPLIST_KEY_UISupportedInterfaceOrientations_iPhone = "UIInterfaceOrientationPortrait UIInterfaceOrientationLandscapeLeft UIInterfaceOrientationLandscapeRight";
				LD_RUNPATH_SEARCH_PATHS = (
					"$(inherited)",
					"@executable_path/Frameworks",
				);
				MARKETING_VERSION = 1.0;
				PRODUCT_BUNDLE_IDENTIFIER = DenisNktn.MemorizeHW;
				PRODUCT_NAME = "$(TARGET_NAME)";
				SWIFT_EMIT_LOC_STRINGS = YES;
				SWIFT_VERSION = 5.0;
				TARGETED_DEVICE_FAMILY = "1,2";
			};
			name = Release;
		};
/* End XCBuildConfiguration section */

/* Begin XCConfigurationList section */
		16A08EAC2BED515A00CE7C9A /* Build configuration list for PBXProject "MemorizeHW" */ = {
			isa = XCConfigurationList;
			buildConfigurations = (
				16A08EBD2BED515C00CE7C9A /* Debug */,
				16A08EBE2BED515C00CE7C9A /* Release */,
			);
			defaultConfigurationIsVisible = 0;
			defaultConfigurationName = Release;
		};
		16A08EBF2BED515C00CE7C9A /* Build configuration list for PBXNativeTarget "MemorizeHW" */ = {
			isa = XCConfigurationList;
			buildConfigurations = (
				16A08EC02BED515C00CE7C9A /* Debug */,
				16A08EC12BED515C00CE7C9A /* Release */,
			);
			defaultConfigurationIsVisible = 0;
			defaultConfigurationName = Release;
		};
/* End XCConfigurationList section */
	};
	rootObject = 16A08EA92BED515A00CE7C9A /* Project object */;
}
